
Microsoft Visual Studio Solution File, Format Version 12.00
# Visual Studio 15
VisualStudioVersion = 15.0.28307.421
MinimumVisualStudioVersion = 10.0.40219.1
Project("{FAE04EC0-301F-11D3-BF4B-00C04F79EFBC}") = "WebApplication1", "WebApplication1\WebApplication1.csproj", "{68354959-E312-4D50-885C-FE370DDBFCAE}"
EndProject
Project("{FAE04EC0-301F-11D3-BF4B-00C04F79EFBC}") = "APIparcial", "APIparcial\APIparcial.csproj", "{3E937CEB-3117-4E15-B634-A83C92A2B5BC}"
EndProject
Global
	GlobalSection(SolutionConfigurationPlatforms) = preSolution
		Debug|Any CPU = Debug|Any CPU
		Release|Any CPU = Release|Any CPU
	EndGlobalSection
	GlobalSection(ProjectConfigurationPlatforms) = postSolution
		{68354959-E312-4D50-885C-FE370DDBFCAE}.Debug|Any CPU.ActiveCfg = Debug|Any CPU
		{68354959-E312-4D50-885C-FE370DDBFCAE}.Debug|Any CPU.Build.0 = Debug|Any CPU
		{68354959-E312-4D50-885C-FE370DDBFCAE}.Release|Any CPU.ActiveCfg = Release|Any CPU
		{68354959-E312-4D50-885C-FE370DDBFCAE}.Release|Any CPU.Build.0 = Release|Any CPU
		{3E937CEB-3117-4E15-B634-A83C92A2B5BC}.Debug|Any CPU.ActiveCfg = Debug|Any CPU
		{3E937CEB-3117-4E15-B634-A83C92A2B5BC}.Debug|Any CPU.Build.0 = Debug|Any CPU
		{3E937CEB-3117-4E15-B634-A83C92A2B5BC}.Release|Any CPU.ActiveCfg = Release|Any CPU
		{3E937CEB-3117-4E15-B634-A83C92A2B5BC}.Release|Any CPU.Build.0 = Release|Any CPU
	EndGlobalSection
	GlobalSection(SolutionProperties) = preSolution
		HideSolutionNode = FALSE
	EndGlobalSection
	GlobalSection(ExtensibilityGlobals) = postSolution
		SolutionGuid = {5837BDA6-8991-49EA-9FA3-387E69E70FDE}
	EndGlobalSection
EndGlobal
